PODS:
  - Eureka (5.5.0)
  - IPtProxy (4.0.0)
  - IPtProxyUI (4.7.0):
    - Eureka (~> 5.3)
    - IPtProxy (~> 4.0.0)
    - IPtProxyUI/App (= 4.7.0)
  - IPtProxyUI/App (4.7.0):
    - Eureka (~> 5.3)
    - IPtProxy (~> 4.0.0)
    - ProgressHUD (~> 14.1)
  - OrbotKit (1.1.0)
  - ProgressHUD (14.1.1)
  - Tor/Core (408.13.1)
  - Tor/CTor (408.13.1):
    - Tor/Core
  - Tor/GeoIP (408.13.1):
    - Tor/CTor
  - TorManager (0.4.0):
    - IPtProxyUI (~> 4.7)
    - OrbotKit (~> 1.1)
    - Tor/GeoIP (~> 408.13)

DEPENDENCIES:
  - TorManager (from `../`)

SPEC REPOS:
  https://github.com/CocoaPods/Specs.git:
    - Eureka
    - IPtProxy
    - IPtProxyUI
    - OrbotKit
    - ProgressHUD
    - Tor

EXTERNAL SOURCES:
  TorManager:
    :path: "../"

SPEC CHECKSUMS:
  Eureka: 1c18c7fcd8f772cc2ca42d6be36292dffa77eecb
  IPtProxy: 4bbf3509dce679e8770128edb49edcd6ccb3b67f
  IPtProxyUI: c48cc8e57cca9aba1c0776e285a16c201b78a96a
  OrbotKit: 5e69508dee1943144fefa18a197fbf2030dfbe36
  ProgressHUD: abb9136ae23c85204236828562cb9a8ec98efb44
  Tor: d66126252c683db01fb971a1cf10303118a387c3
  TorManager: 76af413f8d8128959ac5b3913d3e6c100d4aacab

PODFILE CHECKSUM: ede7eb67067cf00a6d7d0f27bf71ab47ebc6c925

COCOAPODS: 1.16.2
